---
mruby_version:
  version: 2.0.1
  release_no: 20001
  git_commit: c33100c4f03b5f0e8d9034a7b82fabb0975e9a5a
builds:
  host:
    https://github.com/iij/mruby-dir.git:
      url: https://github.com/iij/mruby-dir.git
      branch: master
      commit: 89dceefa1250fb1ae868d4cb52498e9e24293cd1
    https://github.com/fastly/mruby-optparse.git:
      url: https://github.com/fastly/mruby-optparse.git
      branch: master
      commit: e6397a090d1efe04d5dab57c63897f0d79bbad89
    https://github.com/IceDragon200/mruby-catch-throw:
      url: https://github.com/IceDragon200/mruby-catch-throw
      branch: master
      commit: b2900a21e71efb4702c2750e6e9312f46d6d2560
    https://github.com/iij/mruby-env.git:
      url: https://github.com/iij/mruby-env.git
      branch: master
      commit: 056ae324451ef16a50c7887e117f0ea30921b71b
    https://github.com/mattn/mruby-onig-regexp.git:
      url: https://github.com/mattn/mruby-onig-regexp.git
      branch: master
      commit: e55923997ba33586b58c11bd3ca2d40c11a8dede
    https://github.com/iij/mruby-mtest.git:
      url: https://github.com/iij/mruby-mtest.git
      branch: master
      commit: 34a477d249b0d21671058be33aa75d04c3e981ba
